
Microsoft Visual Studio Solution File, Format Version 12.00
# Visual Studio Version 17
VisualStudioVersion = 17.7.34221.43
MinimumVisualStudioVersion = 10.0.40219.1
Project("{FAE04EC0-301F-11D3-BF4B-00C04F79EFBC}") = "Média", "Média\Média.csproj", "{6A154EFF-009B-4EAF-AE4A-D7BAFD6575B8}"
EndProject
Global
	GlobalSection(SolutionConfigurationPlatforms) = preSolution
		Debug|Any CPU = Debug|Any CPU
		Release|Any CPU = Release|Any CPU
	EndGlobalSection
	GlobalSection(ProjectConfigurationPlatforms) = postSolution
		{6A154EFF-009B-4EAF-AE4A-D7BAFD6575B8}.Debug|Any CPU.ActiveCfg = Debug|Any CPU
		{6A154EFF-009B-4EAF-AE4A-D7BAFD6575B8}.Debug|Any CPU.Build.0 = Debug|Any CPU
		{6A154EFF-009B-4EAF-AE4A-D7BAFD6575B8}.Release|Any CPU.ActiveCfg = Release|Any CPU
		{6A154EFF-009B-4EAF-AE4A-D7BAFD6575B8}.Release|Any CPU.Build.0 = Release|Any CPU
	EndGlobalSection
	GlobalSection(SolutionProperties) = preSolution
		HideSolutionNode = FALSE
	EndGlobalSection
	GlobalSection(ExtensibilityGlobals) = postSolution
		SolutionGuid = {04701A8F-F808-4311-98FC-67C4D30A3945}
	EndGlobalSection
EndGlobal
